
Microsoft Visual Studio Solution File, Format Version 12.00
Project("{FAE04EC0-301F-11D3-BF4B-00C04F79EFBC}") = "ChatRobot.Client", "ChatRobot.Client\ChatRobot.Client.csproj", "{E89CFC63-924D-42AA-9372-CE782338ED31}"
EndProject
Project("{FAE04EC0-301F-11D3-BF4B-00C04F79EFBC}") = "ChatRobot.Main", "ChatRobot.Main\ChatRobot.Main.csproj", "{8AFAD5A4-FE07-40B4-BC38-7942D1127EF3}"
EndProject
Project("{FAE04EC0-301F-11D3-BF4B-00C04F79EFBC}") = "ChatRobot.Start", "ChatRobot.Start\ChatRobot.Start.csproj", "{612BAC6E-930A-4429-BBE1-2863562112FB}"
EndProject
Project("{FAE04EC0-301F-11D3-BF4B-00C04F79EFBC}") = "ChatRobot.DataBase", "ChatRobot.DataBase\ChatRobot.DataBase.csproj", "{0DAF6124-7983-4D76-8E43-8A49E936E36A}"
EndProject
Global
	GlobalSection(SolutionConfigurationPlatforms) = preSolution
		Debug|Any CPU = Debug|Any CPU
		Release|Any CPU = Release|Any CPU
	EndGlobalSection
	GlobalSection(ProjectConfigurationPlatforms) = postSolution
		{E89CFC63-924D-42AA-9372-CE782338ED31}.Debug|Any CPU.ActiveCfg = Debug|Any CPU
		{E89CFC63-924D-42AA-9372-CE782338ED31}.Debug|Any CPU.Build.0 = Debug|Any CPU
		{E89CFC63-924D-42AA-9372-CE782338ED31}.Release|Any CPU.ActiveCfg = Release|Any CPU
		{E89CFC63-924D-42AA-9372-CE782338ED31}.Release|Any CPU.Build.0 = Release|Any CPU
		{8AFAD5A4-FE07-40B4-BC38-7942D1127EF3}.Debug|Any CPU.ActiveCfg = Debug|Any CPU
		{8AFAD5A4-FE07-40B4-BC38-7942D1127EF3}.Debug|Any CPU.Build.0 = Debug|Any CPU
		{8AFAD5A4-FE07-40B4-BC38-7942D1127EF3}.Release|Any CPU.ActiveCfg = Release|Any CPU
		{8AFAD5A4-FE07-40B4-BC38-7942D1127EF3}.Release|Any CPU.Build.0 = Release|Any CPU
		{612BAC6E-930A-4429-BBE1-2863562112FB}.Debug|Any CPU.ActiveCfg = Debug|Any CPU
		{612BAC6E-930A-4429-BBE1-2863562112FB}.Debug|Any CPU.Build.0 = Debug|Any CPU
		{612BAC6E-930A-4429-BBE1-2863562112FB}.Release|Any CPU.ActiveCfg = Release|Any CPU
		{612BAC6E-930A-4429-BBE1-2863562112FB}.Release|Any CPU.Build.0 = Release|Any CPU
		{0DAF6124-7983-4D76-8E43-8A49E936E36A}.Debug|Any CPU.ActiveCfg = Debug|Any CPU
		{0DAF6124-7983-4D76-8E43-8A49E936E36A}.Debug|Any CPU.Build.0 = Debug|Any CPU
		{0DAF6124-7983-4D76-8E43-8A49E936E36A}.Release|Any CPU.ActiveCfg = Release|Any CPU
		{0DAF6124-7983-4D76-8E43-8A49E936E36A}.Release|Any CPU.Build.0 = Release|Any CPU
	EndGlobalSection
EndGlobal
